# THIS IS AN AUTOGENERATED FILE. DO NOT EDIT THIS FILE DIRECTLY.
# yarn lockfile v1


iosselect@^1.1.5:
  version "1.1.5"
  resolved "https://registry.npmjs.org/iosselect/-/iosselect-1.1.5.tgz#ae9c2263563d81e752825822fbc1f497a9f77791"
  integrity sha512-6bBHIVGARRHu8fgcYq0QCMcYL2ST36NPFzvnkCjmAecv9B7ZaAtFnh5PRuPyIhquQNGRsq9nOBze7EhY8QhjRQ==
